
Microsoft Visual Studio Solution File, Format Version 12.00
# Visual Studio Version 16
VisualStudioVersion = 16.0.31911.196
MinimumVisualStudioVersion = 10.0.40219.1
Project("{8BC9CEB8-8B4A-11D0-8D11-00A0C91BC942}") = "CudaRuntime1", "CudaRuntime1\CudaRuntime1.vcxproj", "{19F754BE-E497-4C5E-93DD-405973F3EE15}"
EndProject
Project("{8BC9CEB8-8B4A-11D0-8D11-00A0C91BC942}") = "CPU_MUL", "CPU_MUL\CPU_MUL.vcxproj", "{B146F34D-B596-487D-B229-070D872676AC}"
EndProject
Global
	GlobalSection(SolutionConfigurationPlatforms) = preSolution
		Debug|x64 = Debug|x64
		Release|x64 = Release|x64
	EndGlobalSection
	GlobalSection(ProjectConfigurationPlatforms) = postSolution
		{19F754BE-E497-4C5E-93DD-405973F3EE15}.Debug|x64.ActiveCfg = Debug|x64
		{19F754BE-E497-4C5E-93DD-405973F3EE15}.Debug|x64.Build.0 = Debug|x64
		{19F754BE-E497-4C5E-93DD-405973F3EE15}.Release|x64.ActiveCfg = Release|x64
		{19F754BE-E497-4C5E-93DD-405973F3EE15}.Release|x64.Build.0 = Release|x64
		{B146F34D-B596-487D-B229-070D872676AC}.Debug|x64.ActiveCfg = Debug|x64
		{B146F34D-B596-487D-B229-070D872676AC}.Debug|x64.Build.0 = Debug|x64
		{B146F34D-B596-487D-B229-070D872676AC}.Release|x64.ActiveCfg = Release|x64
		{B146F34D-B596-487D-B229-070D872676AC}.Release|x64.Build.0 = Release|x64
	EndGlobalSection
	GlobalSection(SolutionProperties) = preSolution
		HideSolutionNode = FALSE
	EndGlobalSection
	GlobalSection(ExtensibilityGlobals) = postSolution
		SolutionGuid = {0DF093CD-BD1A-4504-AD4B-1A332877BBB2}
	EndGlobalSection
EndGlobal
